
Microsoft Visual Studio Solution File, Format Version 12.00
# Visual Studio Version 17
VisualStudioVersion = 17.1.32328.378
MinimumVisualStudioVersion = 10.0.40219.1
Project("{2150E333-8FDC-42A3-9474-1A3956D46DE8}") = "FrontEnd", "FrontEnd", "{9B72128B-263B-4350-8F88-71CA9D16FEF1}"
EndProject
Project("{2150E333-8FDC-42A3-9474-1A3956D46DE8}") = "Microservices", "Microservices", "{0B50EDE9-8A8F-4113-8198-42A04585A82A}"
EndProject
Project("{9A19103F-16F7-4668-BE54-9A1E7A4F7556}") = "Matgr.UI", "Matgr.UI\Matgr.UI.csproj", "{7C0EAE34-40E7-4D07-B05B-9BD1326499E2}"
EndProject
Project("{9A19103F-16F7-4668-BE54-9A1E7A4F7556}") = "Matgr.ProductsAPI", "Matgr.ProductsAPI\Matgr.ProductsAPI.csproj", "{FFB47919-EF03-4948-BC16-555F97E44F7C}"
EndProject
Project("{9A19103F-16F7-4668-BE54-9A1E7A4F7556}") = "Matgr.ShoppingCartAPI", "Matgr.ShoppingCartAPI\Matgr.ShoppingCartAPI.csproj", "{AE37648A-0288-483A-AA1B-27F16EFE0814}"
EndProject
Project("{9A19103F-16F7-4668-BE54-9A1E7A4F7556}") = "Matgr.OrdersAPI", "Matgr.OrdersAPI\Matgr.OrdersAPI.csproj", "{2A125DEF-1833-4E0E-8E94-EFCAF1654312}"
EndProject
Project("{9A19103F-16F7-4668-BE54-9A1E7A4F7556}") = "Matgr.CouponsAPI", "Matgr.CouponsAPI\Matgr.CouponsAPI.csproj", "{607118D1-73E9-4791-B483-5799749DFFC5}"
EndProject
Project("{9A19103F-16F7-4668-BE54-9A1E7A4F7556}") = "Matgr.PaymentsAPI", "Matgr.PaymentsAPI\Matgr.PaymentsAPI.csproj", "{9E2C6006-971D-4C0E-81BA-9F8019FDB041}"
EndProject
Project("{9A19103F-16F7-4668-BE54-9A1E7A4F7556}") = "Matgr.EmailsAPI", "Matgr.EmailsAPI\Matgr.EmailsAPI.csproj", "{8F025C7D-D05C-4042-8137-A56FE2A48A18}"
EndProject
Project("{2150E333-8FDC-42A3-9474-1A3956D46DE8}") = "Identity", "Identity", "{EB65F7B3-4FAB-4A63-8EE6-3E851CF25650}"
EndProject
Project("{9A19103F-16F7-4668-BE54-9A1E7A4F7556}") = "Matgr.IdentityServer", "Matgr.IdentityServer\Matgr.IdentityServer.csproj", "{08E5E116-DB64-44D8-B80F-3F0B4FFFD91F}"
EndProject
Project("{9A19103F-16F7-4668-BE54-9A1E7A4F7556}") = "Matgr.MessageBus", "Matgr.MessageBus\Matgr.MessageBus.csproj", "{D16B21CE-016E-4548-A790-97F12F7DF67B}"
EndProject
Project("{2150E333-8FDC-42A3-9474-1A3956D46DE8}") = "Gateway", "Gateway", "{FF3FBA3A-0ECF-4BA5-80C0-8BD89B5A41B9}"
EndProject
Project("{FAE04EC0-301F-11D3-BF4B-00C04F79EFBC}") = "Matgr.Gateway", "Matgr.Gateway\Matgr.Gateway.csproj", "{37177E90-BF7E-4289-8EDB-01BE07DAF32D}"
EndProject
Global
	GlobalSection(SolutionConfigurationPlatforms) = preSolution
		Debug|Any CPU = Debug|Any CPU
		Release|Any CPU = Release|Any CPU
	EndGlobalSection
	GlobalSection(ProjectConfigurationPlatforms) = postSolution
		{7C0EAE34-40E7-4D07-B05B-9BD1326499E2}.Debug|Any CPU.ActiveCfg = Debug|Any CPU
		{7C0EAE34-40E7-4D07-B05B-9BD1326499E2}.Debug|Any CPU.Build.0 = Debug|Any CPU
		{7C0EAE34-40E7-4D07-B05B-9BD1326499E2}.Release|Any CPU.ActiveCfg = Release|Any CPU
		{7C0EAE34-40E7-4D07-B05B-9BD1326499E2}.Release|Any CPU.Build.0 = Release|Any CPU
		{FFB47919-EF03-4948-BC16-555F97E44F7C}.Debug|Any CPU.ActiveCfg = Debug|Any CPU
		{FFB47919-EF03-4948-BC16-555F97E44F7C}.Debug|Any CPU.Build.0 = Debug|Any CPU
		{FFB47919-EF03-4948-BC16-555F97E44F7C}.Release|Any CPU.ActiveCfg = Release|Any CPU
		{FFB47919-EF03-4948-BC16-555F97E44F7C}.Release|Any CPU.Build.0 = Release|Any CPU
		{AE37648A-0288-483A-AA1B-27F16EFE0814}.Debug|Any CPU.ActiveCfg = Debug|Any CPU
		{AE37648A-0288-483A-AA1B-27F16EFE0814}.Debug|Any CPU.Build.0 = Debug|Any CPU
		{AE37648A-0288-483A-AA1B-27F16EFE0814}.Release|Any CPU.ActiveCfg = Release|Any CPU
		{AE37648A-0288-483A-AA1B-27F16EFE0814}.Release|Any CPU.Build.0 = Release|Any CPU
		{2A125DEF-1833-4E0E-8E94-EFCAF1654312}.Debug|Any CPU.ActiveCfg = Debug|Any CPU
		{2A125DEF-1833-4E0E-8E94-EFCAF1654312}.Debug|Any CPU.Build.0 = Debug|Any CPU
		{2A125DEF-1833-4E0E-8E94-EFCAF1654312}.Release|Any CPU.ActiveCfg = Release|Any CPU
		{2A125DEF-1833-4E0E-8E94-EFCAF1654312}.Release|Any CPU.Build.0 = Release|Any CPU
		{607118D1-73E9-4791-B483-5799749DFFC5}.Debug|Any CPU.ActiveCfg = Debug|Any CPU
		{607118D1-73E9-4791-B483-5799749DFFC5}.Debug|Any CPU.Build.0 = Debug|Any CPU
		{607118D1-73E9-4791-B483-5799749DFFC5}.Release|Any CPU.ActiveCfg = Release|Any CPU
		{607118D1-73E9-4791-B483-5799749DFFC5}.Release|Any CPU.Build.0 = Release|Any CPU
		{9E2C6006-971D-4C0E-81BA-9F8019FDB041}.Debug|Any CPU.ActiveCfg = Debug|Any CPU
		{9E2C6006-971D-4C0E-81BA-9F8019FDB041}.Debug|Any CPU.Build.0 = Debug|Any CPU
		{9E2C6006-971D-4C0E-81BA-9F8019FDB041}.Release|Any CPU.ActiveCfg = Release|Any CPU
		{9E2C6006-971D-4C0E-81BA-9F8019FDB041}.Release|Any CPU.Build.0 = Release|Any CPU
		{8F025C7D-D05C-4042-8137-A56FE2A48A18}.Debug|Any CPU.ActiveCfg = Debug|Any CPU
		{8F025C7D-D05C-4042-8137-A56FE2A48A18}.Debug|Any CPU.Build.0 = Debug|Any CPU
		{8F025C7D-D05C-4042-8137-A56FE2A48A18}.Release|Any CPU.ActiveCfg = Release|Any CPU
		{8F025C7D-D05C-4042-8137-A56FE2A48A18}.Release|Any CPU.Build.0 = Release|Any CPU
		{08E5E116-DB64-44D8-B80F-3F0B4FFFD91F}.Debug|Any CPU.ActiveCfg = Debug|Any CPU
		{08E5E116-DB64-44D8-B80F-3F0B4FFFD91F}.Debug|Any CPU.Build.0 = Debug|Any CPU
		{08E5E116-DB64-44D8-B80F-3F0B4FFFD91F}.Release|Any CPU.ActiveCfg = Release|Any CPU
		{08E5E116-DB64-44D8-B80F-3F0B4FFFD91F}.Release|Any CPU.Build.0 = Release|Any CPU
		{D16B21CE-016E-4548-A790-97F12F7DF67B}.Debug|Any CPU.ActiveCfg = Debug|Any CPU
		{D16B21CE-016E-4548-A790-97F12F7DF67B}.Debug|Any CPU.Build.0 = Debug|Any CPU
		{D16B21CE-016E-4548-A790-97F12F7DF67B}.Release|Any CPU.ActiveCfg = Release|Any CPU
		{D16B21CE-016E-4548-A790-97F12F7DF67B}.Release|Any CPU.Build.0 = Release|Any CPU
		{37177E90-BF7E-4289-8EDB-01BE07DAF32D}.Debug|Any CPU.ActiveCfg = Debug|Any CPU
		{37177E90-BF7E-4289-8EDB-01BE07DAF32D}.Debug|Any CPU.Build.0 = Debug|Any CPU
		{37177E90-BF7E-4289-8EDB-01BE07DAF32D}.Release|Any CPU.ActiveCfg = Release|Any CPU
		{37177E90-BF7E-4289-8EDB-01BE07DAF32D}.Release|Any CPU.Build.0 = Release|Any CPU
	EndGlobalSection
	GlobalSection(SolutionProperties) = preSolution
		HideSolutionNode = FALSE
	EndGlobalSection
	GlobalSection(NestedProjects) = preSolution
		{7C0EAE34-40E7-4D07-B05B-9BD1326499E2} = {9B72128B-263B-4350-8F88-71CA9D16FEF1}
		{FFB47919-EF03-4948-BC16-555F97E44F7C} = {0B50EDE9-8A8F-4113-8198-42A04585A82A}
		{AE37648A-0288-483A-AA1B-27F16EFE0814} = {0B50EDE9-8A8F-4113-8198-42A04585A82A}
		{2A125DEF-1833-4E0E-8E94-EFCAF1654312} = {0B50EDE9-8A8F-4113-8198-42A04585A82A}
		{607118D1-73E9-4791-B483-5799749DFFC5} = {0B50EDE9-8A8F-4113-8198-42A04585A82A}
		{9E2C6006-971D-4C0E-81BA-9F8019FDB041} = {0B50EDE9-8A8F-4113-8198-42A04585A82A}
		{8F025C7D-D05C-4042-8137-A56FE2A48A18} = {0B50EDE9-8A8F-4113-8198-42A04585A82A}
		{08E5E116-DB64-44D8-B80F-3F0B4FFFD91F} = {EB65F7B3-4FAB-4A63-8EE6-3E851CF25650}
		{37177E90-BF7E-4289-8EDB-01BE07DAF32D} = {FF3FBA3A-0ECF-4BA5-80C0-8BD89B5A41B9}
	EndGlobalSection
	GlobalSection(ExtensibilityGlobals) = postSolution
		SolutionGuid = {28CF4696-F20D-4EF9-A444-D0547D927484}
	EndGlobalSection
EndGlobal
